
Microsoft Visual Studio Solution File, Format Version 12.00
# Visual Studio Version 17
VisualStudioVersion = 17.10.34928.147
MinimumVisualStudioVersion = 10.0.40219.1
Project("{FAE04EC0-301F-11D3-BF4B-00C04F79EFBC}") = "MovieRentalManagementSystem", "MovieRentalManagementSystem\MovieRentalManagementSystem.csproj", "{31EE4AFD-A633-4952-99FC-A91E5F43896D}"
EndProject
Global
	GlobalSection(SolutionConfigurationPlatforms) = preSolution
		Debug|Any CPU = Debug|Any CPU
		Release|Any CPU = Release|Any CPU
	EndGlobalSection
	GlobalSection(ProjectConfigurationPlatforms) = postSolution
		{31EE4AFD-A633-4952-99FC-A91E5F43896D}.Debug|Any CPU.ActiveCfg = Debug|Any CPU
		{31EE4AFD-A633-4952-99FC-A91E5F43896D}.Debug|Any CPU.Build.0 = Debug|Any CPU
		{31EE4AFD-A633-4952-99FC-A91E5F43896D}.Release|Any CPU.ActiveCfg = Release|Any CPU
		{31EE4AFD-A633-4952-99FC-A91E5F43896D}.Release|Any CPU.Build.0 = Release|Any CPU
	EndGlobalSection
	GlobalSection(SolutionProperties) = preSolution
		HideSolutionNode = FALSE
	EndGlobalSection
	GlobalSection(ExtensibilityGlobals) = postSolution
		SolutionGuid = {57A61633-7147-4CB1-9123-1A771C73E6CF}
	EndGlobalSection
EndGlobal
